// !$*UTF8*$!
{
	archiveVersion = 1;
	classes = {
	};
	objectVersion = 46;
	objects = {

/* Begin PBXBuildFile section */
		A8DD626E11EE98C012D9B900 /* libPods.a in Frameworks */ = {isa = PBXBuildFile; fileRef = 3442E7B33E172CFBD3A47C24 /* libPods.a */; };
		C251CF3D1C4E51D90032FE19 /* MainViewController.m in Sources */ = {isa = PBXBuildFile; fileRef = C251CF3C1C4E51D90032FE19 /* MainViewController.m */; };
		C251CF401C4E52260032FE19 /* LoginViewController.m in Sources */ = {isa = PBXBuildFile; fileRef = C251CF3F1C4E52260032FE19 /* LoginViewController.m */; };
		C251CF7F1C5148930032FE19 /* Reveal.framework in Frameworks */ = {isa = PBXBuildFile; fileRef = C251CF7E1C5148930032FE19 /* Reveal.framework */; };
		C251CF821C5350850032FE19 /* DashboardTableViewCell.m in Sources */ = {isa = PBXBuildFile; fileRef = C251CF811C5350840032FE19 /* DashboardTableViewCell.m */; };
		C251CF851C53E0460032FE19 /* avatar_placeholder.jpg in Resources */ = {isa = PBXBuildFile; fileRef = C251CF841C53E0460032FE19 /* avatar_placeholder.jpg */; };
		C2AE04051C3E420800A3E627 /* main.m in Sources */ = {isa = PBXBuildFile; fileRef = C2AE04041C3E420800A3E627 /* main.m */; };
		C2AE04081C3E420800A3E627 /* AppDelegate.m in Sources */ = {isa = PBXBuildFile; fileRef = C2AE04071C3E420800A3E627 /* AppDelegate.m */; };
		C2AE04101C3E420900A3E627 /* Assets.xcassets in Resources */ = {isa = PBXBuildFile; fileRef = C2AE040F1C3E420900A3E627 /* Assets.xcassets */; };
		C2AE04131C3E420900A3E627 /* LaunchScreen.storyboard in Resources */ = {isa = PBXBuildFile; fileRef = C2AE04111C3E420900A3E627 /* LaunchScreen.storyboard */; };
		C2BE3D451C5496100047C669 /* MJPhoto.m in Sources */ = {isa = PBXBuildFile; fileRef = C2BE3D391C5496100047C669 /* MJPhoto.m */; };
		C2BE3D461C5496100047C669 /* MJPhotoBrowser.bundle in Resources */ = {isa = PBXBuildFile; fileRef = C2BE3D3A1C5496100047C669 /* MJPhotoBrowser.bundle */; };
		C2BE3D471C5496100047C669 /* MJPhotoBrowser.m in Sources */ = {isa = PBXBuildFile; fileRef = C2BE3D3C1C5496100047C669 /* MJPhotoBrowser.m */; };
		C2BE3D481C5496100047C669 /* MJPhotoLoadingView.m in Sources */ = {isa = PBXBuildFile; fileRef = C2BE3D3E1C5496100047C669 /* MJPhotoLoadingView.m */; };
		C2BE3D491C5496100047C669 /* MJPhotoProgressView.m in Sources */ = {isa = PBXBuildFile; fileRef = C2BE3D401C5496100047C669 /* MJPhotoProgressView.m */; };
		C2BE3D4A1C5496100047C669 /* MJPhotoToolbar.m in Sources */ = {isa = PBXBuildFile; fileRef = C2BE3D421C5496100047C669 /* MJPhotoToolbar.m */; };
		C2BE3D4B1C5496100047C669 /* MJPhotoView.m in Sources */ = {isa = PBXBuildFile; fileRef = C2BE3D441C5496100047C669 /* MJPhotoView.m */; };
		C2BE3D4D1C54D0970047C669 /* pic_placeholder.png in Resources */ = {isa = PBXBuildFile; fileRef = C2BE3D4C1C54D0970047C669 /* pic_placeholder.png */; };
		C2BE3D501C54E60F0047C669 /* like@2x.png in Resources */ = {isa = PBXBuildFile; fileRef = C2BE3D4E1C54E60F0047C669 /* like@2x.png */; };
		C2BE3D511C54E60F0047C669 /* like@3x.png in Resources */ = {isa = PBXBuildFile; fileRef = C2BE3D4F1C54E60F0047C669 /* like@3x.png */; };
		C2BE3D541C54E6730047C669 /* like_outline@2x.png in Resources */ = {isa = PBXBuildFile; fileRef = C2BE3D521C54E6730047C669 /* like_outline@2x.png */; };
		C2BE3D551C54E6730047C669 /* like_outline@3x.png in Resources */ = {isa = PBXBuildFile; fileRef = C2BE3D531C54E6730047C669 /* like_outline@3x.png */; };
		C2BE3D581C54E9620047C669 /* reblog@2x.png in Resources */ = {isa = PBXBuildFile; fileRef = C2BE3D561C54E9620047C669 /* reblog@2x.png */; };
		C2BE3D591C54E9620047C669 /* reblog@3x.png in Resources */ = {isa = PBXBuildFile; fileRef = C2BE3D571C54E9620047C669 /* reblog@3x.png */; };
		C2BE3D5E1C54EC200047C669 /* SDWebImageManager+MJ.m in Sources */ = {isa = PBXBuildFile; fileRef = C2BE3D5B1C54EC200047C669 /* SDWebImageManager+MJ.m */; };
		C2BE3D5F1C54EC200047C669 /* UIImageView+MJWebCache.m in Sources */ = {isa = PBXBuildFile; fileRef = C2BE3D5D1C54EC200047C669 /* UIImageView+MJWebCache.m */; };
		C2BE3D621C54EC4C0047C669 /* MBProgressHUD+Add.m in Sources */ = {isa = PBXBuildFile; fileRef = C2BE3D611C54EC4C0047C669 /* MBProgressHUD+Add.m */; };
		C2BE3D721C55208B0047C669 /* AlertPopupManager.m in Sources */ = {isa = PBXBuildFile; fileRef = C2BE3D711C55208B0047C669 /* AlertPopupManager.m */; };
		C2BE3D791C5523AF0047C669 /* checkmark.png in Resources */ = {isa = PBXBuildFile; fileRef = C2BE3D731C5523AF0047C669 /* checkmark.png */; };
		C2BE3D7A1C5523AF0047C669 /* checkmark@2x.png in Resources */ = {isa = PBXBuildFile; fileRef = C2BE3D741C5523AF0047C669 /* checkmark@2x.png */; };
		C2BE3D7B1C5523AF0047C669 /* cross.png in Resources */ = {isa = PBXBuildFile; fileRef = C2BE3D751C5523AF0047C669 /* cross.png */; };
		C2BE3D7C1C5523AF0047C669 /* cross@2x.png in Resources */ = {isa = PBXBuildFile; fileRef = C2BE3D761C5523AF0047C669 /* cross@2x.png */; };
		C2BE3D7D1C5523AF0047C669 /* warning.png in Resources */ = {isa = PBXBuildFile; fileRef = C2BE3D771C5523AF0047C669 /* warning.png */; };
		C2BE3D7E1C5523AF0047C669 /* warning@2x.png in Resources */ = {isa = PBXBuildFile; fileRef = C2BE3D781C5523AF0047C669 /* warning@2x.png */; };
		C2BE3D851C563B7A0047C669 /* logout@2x.png in Resources */ = {isa = PBXBuildFile; fileRef = C2BE3D831C563B7A0047C669 /* logout@2x.png */; };
		C2BE3D861C563B7A0047C669 /* logout@3x.png in Resources */ = {isa = PBXBuildFile; fileRef = C2BE3D841C563B7A0047C669 /* logout@3x.png */; };
/* End PBXBuildFile section */

/* Begin PBXFileReference section */
		3442E7B33E172CFBD3A47C24 /* libPods.a */ = {isa = PBXFileReference; explicitFileType = archive.ar; includeInIndex = 0; path = libPods.a; sourceTree = BUILT_PRODUCTS_DIR; };
		95198390EC90588F47863C7B /* Pods.release.xcconfig */ = {isa = PBXFileReference; includeInIndex = 1; lastKnownFileType = text.xcconfig; name = Pods.release.xcconfig; path = "Pods/Target Support Files/Pods/Pods.release.xcconfig"; sourceTree = "<group>"; };
		B719D1C1E1FABB7AF425F766 /* Pods.debug.xcconfig */ = {isa = PBXFileReference; includeInIndex = 1; lastKnownFileType = text.xcconfig; name = Pods.debug.xcconfig; path = "Pods/Target Support Files/Pods/Pods.debug.xcconfig"; sourceTree = "<group>"; };
		C251CF3B1C4E51D90032FE19 /* MainViewController.h */ = {isa = PBXFileReference; fileEncoding = 4; lastKnownFileType = sourcecode.c.h; path = MainViewController.h; sourceTree = "<group>"; };
		C251CF3C1C4E51D90032FE19 /* MainViewController.m */ = {isa = PBXFileReference; fileEncoding = 4; lastKnownFileType = sourcecode.c.objc; path = MainViewController.m; sourceTree = "<group>"; };
		C251CF3E1C4E52260032FE19 /* LoginViewController.h */ = {isa = PBXFileReference; fileEncoding = 4; lastKnownFileType = sourcecode.c.h; path = LoginViewController.h; sourceTree = "<group>"; };
		C251CF3F1C4E52260032FE19 /* LoginViewController.m */ = {isa = PBXFileReference; fileEncoding = 4; lastKnownFileType = sourcecode.c.objc; path = LoginViewController.m; sourceTree = "<group>"; };
		C251CF411C4E5E0A0032FE19 /* PrefixHeader.pch */ = {isa = PBXFileReference; lastKnownFileType = sourcecode.c.h; path = PrefixHeader.pch; sourceTree = "<group>"; };
		C251CF7D1C513B810032FE19 /* Macro.h */ = {isa = PBXFileReference; fileEncoding = 4; lastKnownFileType = sourcecode.c.h; path = Macro.h; sourceTree = "<group>"; };
		C251CF7E1C5148930032FE19 /* Reveal.framework */ = {isa = PBXFileReference; lastKnownFileType = wrapper.framework; path = Reveal.framework; sourceTree = "<group>"; };
		C251CF801C5350840032FE19 /* DashboardTableViewCell.h */ = {isa = PBXFileReference; fileEncoding = 4; lastKnownFileType = sourcecode.c.h; path = DashboardTableViewCell.h; sourceTree = "<group>"; };
		C251CF811C5350840032FE19 /* DashboardTableViewCell.m */ = {isa = PBXFileReference; fileEncoding = 4; lastKnownFileType = sourcecode.c.objc; path = DashboardTableViewCell.m; sourceTree = "<group>"; };
		C251CF841C53E0460032FE19 /* avatar_placeholder.jpg */ = {isa = PBXFileReference; lastKnownFileType = image.jpeg; path = avatar_placeholder.jpg; sourceTree = "<group>"; };
		C2AE04001C3E420800A3E627 /* tumblr-p.app */ = {isa = PBXFileReference; explicitFileType = wrapper.application; includeInIndex = 0; path = "tumblr-p.app"; sourceTree = BUILT_PRODUCTS_DIR; };
		C2AE04041C3E420800A3E627 /* main.m */ = {isa = PBXFileReference; lastKnownFileType = sourcecode.c.objc; path = main.m; sourceTree = "<group>"; };
		C2AE04061C3E420800A3E627 /* AppDelegate.h */ = {isa = PBXFileReference; lastKnownFileType = sourcecode.c.h; path = AppDelegate.h; sourceTree = "<group>"; };
		C2AE04071C3E420800A3E627 /* AppDelegate.m */ = {isa = PBXFileReference; lastKnownFileType = sourcecode.c.objc; path = AppDelegate.m; sourceTree = "<group>"; };
		C2AE040F1C3E420900A3E627 /* Assets.xcassets */ = {isa = PBXFileReference; lastKnownFileType = folder.assetcatalog; path = Assets.xcassets; sourceTree = "<group>"; };
		C2AE04121C3E420900A3E627 /* Base */ = {isa = PBXFileReference; lastKnownFileType = file.storyboard; name = Base; path = Base.lproj/LaunchScreen.storyboard; sourceTree = "<group>"; };
		C2AE04141C3E420900A3E627 /* Info.plist */ = {isa = PBXFileReference; lastKnownFileType = text.plist.xml; path = Info.plist; sourceTree = "<group>"; };
		C2BE3D381C5496100047C669 /* MJPhoto.h */ = {isa = PBXFileReference; fileEncoding = 4; lastKnownFileType = sourcecode.c.h; path = MJPhoto.h; sourceTree = "<group>"; };
		C2BE3D391C5496100047C669 /* MJPhoto.m */ = {isa = PBXFileReference; fileEncoding = 4; lastKnownFileType = sourcecode.c.objc; path = MJPhoto.m; sourceTree = "<group>"; };
		C2BE3D3A1C5496100047C669 /* MJPhotoBrowser.bundle */ = {isa = PBXFileReference; lastKnownFileType = "wrapper.plug-in"; path = MJPhotoBrowser.bundle; sourceTree = "<group>"; };
		C2BE3D3B1C5496100047C669 /* MJPhotoBrowser.h */ = {isa = PBXFileReference; fileEncoding = 4; lastKnownFileType = sourcecode.c.h; path = MJPhotoBrowser.h; sourceTree = "<group>"; };
		C2BE3D3C1C5496100047C669 /* MJPhotoBrowser.m */ = {isa = PBXFileReference; fileEncoding = 4; lastKnownFileType = sourcecode.c.objc; path = MJPhotoBrowser.m; sourceTree = "<group>"; };
		C2BE3D3D1C5496100047C669 /* MJPhotoLoadingView.h */ = {isa = PBXFileReference; fileEncoding = 4; lastKnownFileType = sourcecode.c.h; path = MJPhotoLoadingView.h; sourceTree = "<group>"; };
		C2BE3D3E1C5496100047C669 /* MJPhotoLoadingView.m */ = {isa = PBXFileReference; fileEncoding = 4; lastKnownFileType = sourcecode.c.objc; path = MJPhotoLoadingView.m; sourceTree = "<group>"; };
		C2BE3D3F1C5496100047C669 /* MJPhotoProgressView.h */ = {isa = PBXFileReference; fileEncoding = 4; lastKnownFileType = sourcecode.c.h; path = MJPhotoProgressView.h; sourceTree = "<group>"; };
		C2BE3D401C5496100047C669 /* MJPhotoProgressView.m */ = {isa = PBXFileReference; fileEncoding = 4; lastKnownFileType = sourcecode.c.objc; path = MJPhotoProgressView.m; sourceTree = "<group>"; };
		C2BE3D411C5496100047C669 /* MJPhotoToolbar.h */ = {isa = PBXFileReference; fileEncoding = 4; lastKnownFileType = sourcecode.c.h; path = MJPhotoToolbar.h; sourceTree = "<group>"; };
		C2BE3D421C5496100047C669 /* MJPhotoToolbar.m */ = {isa = PBXFileReference; fileEncoding = 4; lastKnownFileType = sourcecode.c.objc; path = MJPhotoToolbar.m; sourceTree = "<group>"; };
		C2BE3D431C5496100047C669 /* MJPhotoView.h */ = {isa = PBXFileReference; fileEncoding = 4; lastKnownFileType = sourcecode.c.h; path = MJPhotoView.h; sourceTree = "<group>"; };
		C2BE3D441C5496100047C669 /* MJPhotoView.m */ = {isa = PBXFileReference; fileEncoding = 4; lastKnownFileType = sourcecode.c.objc; path = MJPhotoView.m; sourceTree = "<group>"; };
		C2BE3D4C1C54D0970047C669 /* pic_placeholder.png */ = {isa = PBXFileReference; lastKnownFileType = image.png; path = pic_placeholder.png; sourceTree = "<group>"; };
		C2BE3D4E1C54E60F0047C669 /* like@2x.png */ = {isa = PBXFileReference; lastKnownFileType = image.png; path = "like@2x.png"; sourceTree = "<group>"; };
		C2BE3D4F1C54E60F0047C669 /* like@3x.png */ = {isa = PBXFileReference; lastKnownFileType = image.png; path = "like@3x.png"; sourceTree = "<group>"; };
		C2BE3D521C54E6730047C669 /* like_outline@2x.png */ = {isa = PBXFileReference; lastKnownFileType = image.png; path = "like_outline@2x.png"; sourceTree = "<group>"; };
		C2BE3D531C54E6730047C669 /* like_outline@3x.png */ = {isa = PBXFileReference; lastKnownFileType = image.png; path = "like_outline@3x.png"; sourceTree = "<group>"; };
		C2BE3D561C54E9620047C669 /* reblog@2x.png */ = {isa = PBXFileReference; lastKnownFileType = image.png; path = "reblog@2x.png"; sourceTree = "<group>"; };
		C2BE3D571C54E9620047C669 /* reblog@3x.png */ = {isa = PBXFileReference; lastKnownFileType = image.png; path = "reblog@3x.png"; sourceTree = "<group>"; };
		C2BE3D5A1C54EC200047C669 /* SDWebImageManager+MJ.h */ = {isa = PBXFileReference; fileEncoding = 4; lastKnownFileType = sourcecode.c.h; path = "SDWebImageManager+MJ.h"; sourceTree = "<group>"; };
		C2BE3D5B1C54EC200047C669 /* SDWebImageManager+MJ.m */ = {isa = PBXFileReference; fileEncoding = 4; lastKnownFileType = sourcecode.c.objc; path = "SDWebImageManager+MJ.m"; sourceTree = "<group>"; };
		C2BE3D5C1C54EC200047C669 /* UIImageView+MJWebCache.h */ = {isa = PBXFileReference; fileEncoding = 4; lastKnownFileType = sourcecode.c.h; path = "UIImageView+MJWebCache.h"; sourceTree = "<group>"; };
		C2BE3D5D1C54EC200047C669 /* UIImageView+MJWebCache.m */ = {isa = PBXFileReference; fileEncoding = 4; lastKnownFileType = sourcecode.c.objc; path = "UIImageView+MJWebCache.m"; sourceTree = "<group>"; };
		C2BE3D601C54EC4C0047C669 /* MBProgressHUD+Add.h */ = {isa = PBXFileReference; fileEncoding = 4; lastKnownFileType = sourcecode.c.h; path = "MBProgressHUD+Add.h"; sourceTree = "<group>"; };
		C2BE3D611C54EC4C0047C669 /* MBProgressHUD+Add.m */ = {isa = PBXFileReference; fileEncoding = 4; lastKnownFileType = sourcecode.c.objc; path = "MBProgressHUD+Add.m"; sourceTree = "<group>"; };
		C2BE3D701C55208B0047C669 /* AlertPopupManager.h */ = {isa = PBXFileReference; fileEncoding = 4; lastKnownFileType = sourcecode.c.h; path = AlertPopupManager.h; sourceTree = "<group>"; };
		C2BE3D711C55208B0047C669 /* AlertPopupManager.m */ = {isa = PBXFileReference; fileEncoding = 4; lastKnownFileType = sourcecode.c.objc; path = AlertPopupManager.m; sourceTree = "<group>"; };
		C2BE3D731C5523AF0047C669 /* checkmark.png */ = {isa = PBXFileReference; lastKnownFileType = image.png; path = checkmark.png; sourceTree = "<group>"; };
		C2BE3D741C5523AF0047C669 /* checkmark@2x.png */ = {isa = PBXFileReference; lastKnownFileType = image.png; path = "checkmark@2x.png"; sourceTree = "<group>"; };
		C2BE3D751C5523AF0047C669 /* cross.png */ = {isa = PBXFileReference; lastKnownFileType = image.png; path = cross.png; sourceTree = "<group>"; };
		C2BE3D761C5523AF0047C669 /* cross@2x.png */ = {isa = PBXFileReference; lastKnownFileType = image.png; path = "cross@2x.png"; sourceTree = "<group>"; };
		C2BE3D771C5523AF0047C669 /* warning.png */ = {isa = PBXFileReference; lastKnownFileType = image.png; path = warning.png; sourceTree = "<group>"; };
		C2BE3D781C5523AF0047C669 /* warning@2x.png */ = {isa = PBXFileReference; lastKnownFileType = image.png; path = "warning@2x.png"; sourceTree = "<group>"; };
		C2BE3D831C563B7A0047C669 /* logout@2x.png */ = {isa = PBXFileReference; lastKnownFileType = image.png; path = "logout@2x.png"; sourceTree = "<group>"; };
		C2BE3D841C563B7A0047C669 /* logout@3x.png */ = {isa = PBXFileReference; lastKnownFileType = image.png; path = "logout@3x.png"; sourceTree = "<group>"; };
/* End PBXFileReference section */

/* Begin PBXFrameworksBuildPhase section */
		C2AE03FD1C3E420800A3E627 /* Frameworks */ = {
			isa = PBXFrameworksBuildPhase;
			buildActionMask = 2147483647;
			files = (
				A8DD626E11EE98C012D9B900 /* libPods.a in Frameworks */,
				C251CF7F1C5148930032FE19 /* Reveal.framework in Frameworks */,
			);
			runOnlyForDeploymentPostprocessing = 0;
		};
/* End PBXFrameworksBuildPhase section */

/* Begin PBXGroup section */
		36375FB2EA092A53E2501804 /* Pods */ = {
			isa = PBXGroup;
			children = (
				B719D1C1E1FABB7AF425F766 /* Pods.debug.xcconfig */,
				95198390EC90588F47863C7B /* Pods.release.xcconfig */,
			);
			name = Pods;
			sourceTree = "<group>";
		};
		C251CF371C4E51AB0032FE19 /* Main */ = {
			isa = PBXGroup;
			children = (
				C251CF381C4E51AB0032FE19 /* controller */,
				C251CF391C4E51AB0032FE19 /* model */,
				C251CF3A1C4E51AB0032FE19 /* view */,
			);
			path = Main;
			sourceTree = "<group>";
		};
		C251CF381C4E51AB0032FE19 /* controller */ = {
			isa = PBXGroup;
			children = (
				C251CF3B1C4E51D90032FE19 /* MainViewController.h */,
				C251CF3C1C4E51D90032FE19 /* MainViewController.m */,
				C251CF3E1C4E52260032FE19 /* LoginViewController.h */,
				C251CF3F1C4E52260032FE19 /* LoginViewController.m */,
			);
			path = controller;
			sourceTree = "<group>";
		};
		C251CF391C4E51AB0032FE19 /* model */ = {
			isa = PBXGroup;
			children = (
			);
			path = model;
			sourceTree = "<group>";
		};
		C251CF3A1C4E51AB0032FE19 /* view */ = {
			isa = PBXGroup;
			children = (
				C251CF801C5350840032FE19 /* DashboardTableViewCell.h */,
				C251CF811C5350840032FE19 /* DashboardTableViewCell.m */,
			);
			path = view;
			sourceTree = "<group>";
		};
		C251CF751C5123220032FE19 /* Other */ = {
			isa = PBXGroup;
			children = (
				C2BE3D701C55208B0047C669 /* AlertPopupManager.h */,
				C2BE3D711C55208B0047C669 /* AlertPopupManager.m */,
			);
			path = Other;
			sourceTree = "<group>";
		};
		C251CF831C53E0360032FE19 /* Resource */ = {
			isa = PBXGroup;
			children = (
				C2BE3D831C563B7A0047C669 /* logout@2x.png */,
				C2BE3D841C563B7A0047C669 /* logout@3x.png */,
				C2BE3D731C5523AF0047C669 /* checkmark.png */,
				C2BE3D741C5523AF0047C669 /* checkmark@2x.png */,
				C2BE3D751C5523AF0047C669 /* cross.png */,
				C2BE3D761C5523AF0047C669 /* cross@2x.png */,
				C2BE3D771C5523AF0047C669 /* warning.png */,
				C2BE3D781C5523AF0047C669 /* warning@2x.png */,
				C2BE3D561C54E9620047C669 /* reblog@2x.png */,
				C2BE3D571C54E9620047C669 /* reblog@3x.png */,
				C2BE3D521C54E6730047C669 /* like_outline@2x.png */,
				C2BE3D531C54E6730047C669 /* like_outline@3x.png */,
				C2BE3D4E1C54E60F0047C669 /* like@2x.png */,
				C2BE3D4F1C54E60F0047C669 /* like@3x.png */,
				C2BE3D4C1C54D0970047C669 /* pic_placeholder.png */,
				C251CF841C53E0460032FE19 /* avatar_placeholder.jpg */,
			);
			path = Resource;
			sourceTree = "<group>";
		};
		C2AE03F71C3E420800A3E627 = {
			isa = PBXGroup;
			children = (
				C2AE04021C3E420800A3E627 /* tumblr-p */,
				C2AE04011C3E420800A3E627 /* Products */,
				36375FB2EA092A53E2501804 /* Pods */,
				DF3DF2F121F80443F1B8825C /* Frameworks */,
			);
			sourceTree = "<group>";
		};
		C2AE04011C3E420800A3E627 /* Products */ = {
			isa = PBXGroup;
			children = (
				C2AE04001C3E420800A3E627 /* tumblr-p.app */,
			);
			name = Products;
			sourceTree = "<group>";
		};
		C2AE04021C3E420800A3E627 /* tumblr-p */ = {
			isa = PBXGroup;
			children = (
				C2BE3D361C5496100047C669 /* Library */,
				C251CF751C5123220032FE19 /* Other */,
				C251CF371C4E51AB0032FE19 /* Main */,
				C2AE04061C3E420800A3E627 /* AppDelegate.h */,
				C2AE04071C3E420800A3E627 /* AppDelegate.m */,
				C2AE040F1C3E420900A3E627 /* Assets.xcassets */,
				C2AE04111C3E420900A3E627 /* LaunchScreen.storyboard */,
				C2AE04141C3E420900A3E627 /* Info.plist */,
				C2AE04031C3E420800A3E627 /* Supporting Files */,
			);
			path = "tumblr-p";
			sourceTree = "<group>";
		};
		C2AE04031C3E420800A3E627 /* Supporting Files */ = {
			isa = PBXGroup;
			children = (
				C251CF831C53E0360032FE19 /* Resource */,
				C2AE04041C3E420800A3E627 /* main.m */,
				C251CF411C4E5E0A0032FE19 /* PrefixHeader.pch */,
				C251CF7D1C513B810032FE19 /* Macro.h */,
			);
			name = "Supporting Files";
			sourceTree = "<group>";
		};
		C2BE3D361C5496100047C669 /* Library */ = {
			isa = PBXGroup;
			children = (
				C2BE3D371C5496100047C669 /* MJPhotoBrowser */,
			);
			path = Library;
			sourceTree = "<group>";
		};
		C2BE3D371C5496100047C669 /* MJPhotoBrowser */ = {
			isa = PBXGroup;
			children = (
				C2BE3D601C54EC4C0047C669 /* MBProgressHUD+Add.h */,
				C2BE3D611C54EC4C0047C669 /* MBProgressHUD+Add.m */,
				C2BE3D5A1C54EC200047C669 /* SDWebImageManager+MJ.h */,
				C2BE3D5B1C54EC200047C669 /* SDWebImageManager+MJ.m */,
				C2BE3D5C1C54EC200047C669 /* UIImageView+MJWebCache.h */,
				C2BE3D5D1C54EC200047C669 /* UIImageView+MJWebCache.m */,
				C2BE3D381C5496100047C669 /* MJPhoto.h */,
				C2BE3D391C5496100047C669 /* MJPhoto.m */,
				C2BE3D3A1C5496100047C669 /* MJPhotoBrowser.bundle */,
				C2BE3D3B1C5496100047C669 /* MJPhotoBrowser.h */,
				C2BE3D3C1C5496100047C669 /* MJPhotoBrowser.m */,
				C2BE3D3D1C5496100047C669 /* MJPhotoLoadingView.h */,
				C2BE3D3E1C5496100047C669 /* MJPhotoLoadingView.m */,
				C2BE3D3F1C5496100047C669 /* MJPhotoProgressView.h */,
				C2BE3D401C5496100047C669 /* MJPhotoProgressView.m */,
				C2BE3D411C5496100047C669 /* MJPhotoToolbar.h */,
				C2BE3D421C5496100047C669 /* MJPhotoToolbar.m */,
				C2BE3D431C5496100047C669 /* MJPhotoView.h */,
				C2BE3D441C5496100047C669 /* MJPhotoView.m */,
			);
			path = MJPhotoBrowser;
			sourceTree = "<group>";
		};
		DF3DF2F121F80443F1B8825C /* Frameworks */ = {
			isa = PBXGroup;
			children = (
				C251CF7E1C5148930032FE19 /* Reveal.framework */,
				3442E7B33E172CFBD3A47C24 /* libPods.a */,
			);
			name = Frameworks;
			sourceTree = "<group>";
		};
/* End PBXGroup section */

/* Begin PBXNativeTarget section */
		C2AE03FF1C3E420800A3E627 /* tumblr-p */ = {
			isa = PBXNativeTarget;
			buildConfigurationList = C2AE04171C3E420900A3E627 /* Build configuration list for PBXNativeTarget "tumblr-p" */;
			buildPhases = (
				8895B0EC9207FFAE188831D4 /* Check Pods Manifest.lock */,
				C2AE03FC1C3E420800A3E627 /* Sources */,
				C2AE03FD1C3E420800A3E627 /* Frameworks */,
				C2AE03FE1C3E420800A3E627 /* Resources */,
				C35E6D1CDFA1878A8046C34A /* Embed Pods Frameworks */,
				A9364AE9DAB1B0C307BB638D /* Copy Pods Resources */,
			);
			buildRules = (
			);
			dependencies = (
			);
			name = "tumblr-p";
			productName = "tumblr-p";
			productReference = C2AE04001C3E420800A3E627 /* tumblr-p.app */;
			productType = "com.apple.product-type.application";
		};
/* End PBXNativeTarget section */

/* Begin PBXProject section */
		C2AE03F81C3E420800A3E627 /* Project object */ = {
			isa = PBXProject;
			attributes = {
				LastUpgradeCheck = 0710;
				ORGANIZATIONNAME = jeffsss;
				TargetAttributes = {
					C2AE03FF1C3E420800A3E627 = {
						CreatedOnToolsVersion = 7.1;
						DevelopmentTeam = KR3M32V26V;
					};
				};
			};
			buildConfigurationList = C2AE03FB1C3E420800A3E627 /* Build configuration list for PBXProject "tumblr-p" */;
			compatibilityVersion = "Xcode 3.2";
			developmentRegion = English;
			hasScannedForEncodings = 0;
			knownRegions = (
				en,
				Base,
			);
			mainGroup = C2AE03F71C3E420800A3E627;
			productRefGroup = C2AE04011C3E420800A3E627 /* Products */;
			projectDirPath = "";
			projectRoot = "";
			targets = (
				C2AE03FF1C3E420800A3E627 /* tumblr-p */,
			);
		};
/* End PBXProject section */

/* Begin PBXResourcesBuildPhase section */
		C2AE03FE1C3E420800A3E627 /* Resources */ = {
			isa = PBXResourcesBuildPhase;
			buildActionMask = 2147483647;
			files = (
				C2BE3D7B1C5523AF0047C669 /* cross.png in Resources */,
				C2BE3D591C54E9620047C669 /* reblog@3x.png in Resources */,
				C2BE3D4D1C54D0970047C669 /* pic_placeholder.png in Resources */,
				C2AE04131C3E420900A3E627 /* LaunchScreen.storyboard in Resources */,
				C2BE3D7D1C5523AF0047C669 /* warning.png in Resources */,
				C2AE04101C3E420900A3E627 /* Assets.xcassets in Resources */,
				C2BE3D7C1C5523AF0047C669 /* cross@2x.png in Resources */,
				C2BE3D501C54E60F0047C669 /* like@2x.png in Resources */,
				C2BE3D791C5523AF0047C669 /* checkmark.png in Resources */,
				C2BE3D541C54E6730047C669 /* like_outline@2x.png in Resources */,
				C2BE3D551C54E6730047C669 /* like_outline@3x.png in Resources */,
				C2BE3D861C563B7A0047C669 /* logout@3x.png in Resources */,
				C2BE3D7E1C5523AF0047C669 /* warning@2x.png in Resources */,
				C2BE3D7A1C5523AF0047C669 /* checkmark@2x.png in Resources */,
				C2BE3D461C5496100047C669 /* MJPhotoBrowser.bundle in Resources */,
				C2BE3D851C563B7A0047C669 /* logout@2x.png in Resources */,
				C2BE3D581C54E9620047C669 /* reblog@2x.png in Resources */,
				C2BE3D511C54E60F0047C669 /* like@3x.png in Resources */,
				C251CF851C53E0460032FE19 /* avatar_placeholder.jpg in Resources */,
			);
			runOnlyForDeploymentPostprocessing = 0;
		};
/* End PBXResourcesBuildPhase section */

/* Begin PBXShellScriptBuildPhase section */
		8895B0EC9207FFAE188831D4 /* Check Pods Manifest.lock */ = {
			isa = PBXShellScriptBuildPhase;
			buildActionMask = 2147483647;
			files = (
			);
			inputPaths = (
			);
			name = "Check Pods Manifest.lock";
			outputPaths = (
			);
			runOnlyForDeploymentPostprocessing = 0;
			shellPath = /bin/sh;
			shellScript = "diff \"${PODS_ROOT}/../Podfile.lock\" \"${PODS_ROOT}/Manifest.lock\" > /dev/null\nif [[ $? != 0 ]] ; then\n    cat << EOM\nerror: The sandbox is not in sync with the Podfile.lock. Run 'pod install' or update your CocoaPods installation.\nEOM\n    exit 1\nfi\n";
			showEnvVarsInLog = 0;
		};
		A9364AE9DAB1B0C307BB638D /* Copy Pods Resources */ = {
			isa = PBXShellScriptBuildPhase;
			buildActionMask = 2147483647;
			files = (
			);
			inputPaths = (
			);
			name = "Copy Pods Resources";
			outputPaths = (
			);
			runOnlyForDeploymentPostprocessing = 0;
			shellPath = /bin/sh;
			shellScript = "\"${SRCROOT}/Pods/Target Support Files/Pods/Pods-resources.sh\"\n";
			showEnvVarsInLog = 0;
		};
		C35E6D1CDFA1878A8046C34A /* Embed Pods Frameworks */ = {
			isa = PBXShellScriptBuildPhase;
			buildActionMask = 2147483647;
			files = (
			);
			inputPaths = (
			);
			name = "Embed Pods Frameworks";
			outputPaths = (
			);
			runOnlyForDeploymentPostprocessing = 0;
			shellPath = /bin/sh;
			shellScript = "\"${SRCROOT}/Pods/Target Support Files/Pods/Pods-frameworks.sh\"\n";
			showEnvVarsInLog = 0;
		};
/* End PBXShellScriptBuildPhase section */

/* Begin PBXSourcesBuildPhase section */
		C2AE03FC1C3E420800A3E627 /* Sources */ = {
			isa = PBXSourcesBuildPhase;
			buildActionMask = 2147483647;
			files = (
				C2BE3D471C5496100047C669 /* MJPhotoBrowser.m in Sources */,
				C2BE3D621C54EC4C0047C669 /* MBProgressHUD+Add.m in Sources */,
				C2BE3D4B1C5496100047C669 /* MJPhotoView.m in Sources */,
				C2BE3D5E1C54EC200047C669 /* SDWebImageManager+MJ.m in Sources */,
				C2BE3D481C5496100047C669 /* MJPhotoLoadingView.m in Sources */,
				C251CF401C4E52260032FE19 /* LoginViewController.m in Sources */,
				C2BE3D491C5496100047C669 /* MJPhotoProgressView.m in Sources */,
				C2BE3D721C55208B0047C669 /* AlertPopupManager.m in Sources */,
				C2BE3D451C5496100047C669 /* MJPhoto.m in Sources */,
				C2AE04081C3E420800A3E627 /* AppDelegate.m in Sources */,
				C251CF3D1C4E51D90032FE19 /* MainViewController.m in Sources */,
				C2BE3D4A1C5496100047C669 /* MJPhotoToolbar.m in Sources */,
				C251CF821C5350850032FE19 /* DashboardTableViewCell.m in Sources */,
				C2BE3D5F1C54EC200047C669 /* UIImageView+MJWebCache.m in Sources */,
				C2AE04051C3E420800A3E627 /* main.m in Sources */,
			);
			runOnlyForDeploymentPostprocessing = 0;
		};
/* End PBXSourcesBuildPhase section */

/* Begin PBXVariantGroup section */
		C2AE04111C3E420900A3E627 /* LaunchScreen.storyboard */ = {
			isa = PBXVariantGroup;
			children = (
				C2AE04121C3E420900A3E627 /* Base */,
			);
			name = LaunchScreen.storyboard;
			sourceTree = "<group>";
		};
/* End PBXVariantGroup section */

/* Begin XCBuildConfiguration section */
		C2AE04151C3E420900A3E627 /* Debug */ = {
			isa = XCBuildConfiguration;
			buildSettings = {
				ALWAYS_SEARCH_USER_PATHS = NO;
				CLANG_CXX_LANGUAGE_STANDARD = "gnu++0x";
				CLANG_CXX_LIBRARY = "libc++";
				CLANG_ENABLE_MODULES = YES;
				CLANG_ENABLE_OBJC_ARC = YES;
				CLANG_WARN_BOOL_CONVERSION = YES;
				CLANG_WARN_CONSTANT_CONVERSION = YES;
				CLANG_WARN_DIRECT_OBJC_ISA_USAGE = YES_ERROR;
				CLANG_WARN_EMPTY_BODY = YES;
				CLANG_WARN_ENUM_CONVERSION = YES;
				CLANG_WARN_INT_CONVERSION = YES;
				CLANG_WARN_OBJC_ROOT_CLASS = YES_ERROR;
				CLANG_WARN_UNREACHABLE_CODE = YES;
				CLANG_WARN__DUPLICATE_METHOD_MATCH = YES;
				"CODE_SIGN_IDENTITY[sdk=iphoneos*]" = "iPhone Developer";
				COPY_PHASE_STRIP = NO;
				DEBUG_INFORMATION_FORMAT = dwarf;
				ENABLE_STRICT_OBJC_MSGSEND = YES;
				ENABLE_TESTABILITY = YES;
				GCC_C_LANGUAGE_STANDARD = gnu99;
				GCC_DYNAMIC_NO_PIC = NO;
				GCC_NO_COMMON_BLOCKS = YES;
				GCC_OPTIMIZATION_LEVEL = 0;
				GCC_PREPROCESSOR_DEFINITIONS = (
					"DEBUG=1",
					"$(inherited)",
				);
				GCC_WARN_64_TO_32_BIT_CONVERSION = YES;
				GCC_WARN_ABOUT_RETURN_TYPE = YES_ERROR;
				GCC_WARN_UNDECLARED_SELECTOR = YES;
				GCC_WARN_UNINITIALIZED_AUTOS = YES_AGGRESSIVE;
				GCC_WARN_UNUSED_FUNCTION = YES;
				GCC_WARN_UNUSED_VARIABLE = YES;
				IPHONEOS_DEPLOYMENT_TARGET = 9.1;
				MTL_ENABLE_DEBUG_INFO = YES;
				ONLY_ACTIVE_ARCH = YES;
				SDKROOT = iphoneos;
			};
			name = Debug;
		};
		C2AE04161C3E420900A3E627 /* Release */ = {
			isa = XCBuildConfiguration;
			buildSettings = {
				ALWAYS_SEARCH_USER_PATHS = NO;
				CLANG_CXX_LANGUAGE_STANDARD = "gnu++0x";
				CLANG_CXX_LIBRARY = "libc++";
				CLANG_ENABLE_MODULES = YES;
				CLANG_ENABLE_OBJC_ARC = YES;
				CLANG_WARN_BOOL_CONVERSION = YES;
				CLANG_WARN_CONSTANT_CONVERSION = YES;
				CLANG_WARN_DIRECT_OBJC_ISA_USAGE = YES_ERROR;
				CLANG_WARN_EMPTY_BODY = YES;
				CLANG_WARN_ENUM_CONVERSION = YES;
				CLANG_WARN_INT_CONVERSION = YES;
				CLANG_WARN_OBJC_ROOT_CLASS = YES_ERROR;
				CLANG_WARN_UNREACHABLE_CODE = YES;
				CLANG_WARN__DUPLICATE_METHOD_MATCH = YES;
				"CODE_SIGN_IDENTITY[sdk=iphoneos*]" = "iPhone Developer";
				COPY_PHASE_STRIP = NO;
				DEBUG_INFORMATION_FORMAT = "dwarf-with-dsym";
				ENABLE_NS_ASSERTIONS = NO;
				ENABLE_STRICT_OBJC_MSGSEND = YES;
				GCC_C_LANGUAGE_STANDARD = gnu99;
				GCC_NO_COMMON_BLOCKS = YES;
				GCC_WARN_64_TO_32_BIT_CONVERSION = YES;
				GCC_WARN_ABOUT_RETURN_TYPE = YES_ERROR;
				GCC_WARN_UNDECLARED_SELECTOR = YES;
				GCC_WARN_UNINITIALIZED_AUTOS = YES_AGGRESSIVE;
				GCC_WARN_UNUSED_FUNCTION = YES;
				GCC_WARN_UNUSED_VARIABLE = YES;
				IPHONEOS_DEPLOYMENT_TARGET = 9.1;
				MTL_ENABLE_DEBUG_INFO = NO;
				SDKROOT = iphoneos;
				VALIDATE_PRODUCT = YES;
			};
			name = Release;
		};
		C2AE04181C3E420900A3E627 /* Debug */ = {
			isa = XCBuildConfiguration;
			baseConfigurationReference = B719D1C1E1FABB7AF425F766 /* Pods.debug.xcconfig */;
			buildSettings = {
				ASSETCATALOG_COMPILER_APPICON_NAME = AppIcon;
				CODE_SIGN_IDENTITY = "iPhone Developer";
				"CODE_SIGN_IDENTITY[sdk=iphoneos*]" = "iPhone Developer";
				FRAMEWORK_SEARCH_PATHS = (
					"$(inherited)",
					"$(PROJECT_DIR)",
				);
				GCC_PREFIX_HEADER = "$(SRCROOT)/tumblr-p/PrefixHeader.pch";
				INFOPLIST_FILE = "tumblr-p/Info.plist";
				IPHONEOS_DEPLOYMENT_TARGET = 8.0;
				LD_RUNPATH_SEARCH_PATHS = "$(inherited) @executable_path/Frameworks";
				OTHER_LDFLAGS = (
					"$(inherited)",
					"-ObjC",
					"-l\"JXHTTP\"",
					"-l\"KLCPopup\"",
					"-l\"MBProgressHUD\"",
					"-l\"MJRefresh\"",
					"-l\"SDWebImage\"",
					"-l\"Spectacles\"",
					"-l\"TMTumblrSDK\"",
					"-l\"YYCategories\"",
					"-l\"z\"",
					"-framework",
					"\"Accelerate\"",
					"-framework",
					"\"CoreFoundation\"",
					"-framework",
					"\"CoreGraphics\"",
					"-framework",
					"\"CoreImage\"",
					"-framework",
					"\"CoreText\"",
					"-framework",
					"\"Foundation\"",
					"-framework",
					"\"ImageIO\"",
					"-framework",
					"\"QuartzCore\"",
					"-framework",
					"\"UIKit\"",
					"-weak_framework",
					"\"UIKit\"",
					"-lz",
					"-framework",
					Reveal,
				);
				PRODUCT_BUNDLE_IDENTIFIER = "com.JF.tumblr-p";
				PRODUCT_NAME = "$(TARGET_NAME)";
				PROVISIONING_PROFILE = "";
			};
			name = Debug;
		};
		C2AE04191C3E420900A3E627 /* Release */ = {
			isa = XCBuildConfiguration;
			baseConfigurationReference = 95198390EC90588F47863C7B /* Pods.release.xcconfig */;
			buildSettings = {
				ASSETCATALOG_COMPILER_APPICON_NAME = AppIcon;
				CODE_SIGN_IDENTITY = "iPhone Developer";
				"CODE_SIGN_IDENTITY[sdk=iphoneos*]" = "iPhone Developer";
				FRAMEWORK_SEARCH_PATHS = (
					"$(inherited)",
					"$(PROJECT_DIR)",
				);
				GCC_PREFIX_HEADER = "$(SRCROOT)/tumblr-p/PrefixHeader.pch";
				INFOPLIST_FILE = "tumblr-p/Info.plist";
				IPHONEOS_DEPLOYMENT_TARGET = 8.0;
				LD_RUNPATH_SEARCH_PATHS = "$(inherited) @executable_path/Frameworks";
				OTHER_LDFLAGS = (
					"$(inherited)",
					"-ObjC",
					"-l\"JXHTTP\"",
					"-l\"KLCPopup\"",
					"-l\"MBProgressHUD\"",
					"-l\"MJRefresh\"",
					"-l\"SDWebImage\"",
					"-l\"Spectacles\"",
					"-l\"TMTumblrSDK\"",
					"-l\"YYCategories\"",
					"-l\"z\"",
					"-framework",
					"\"Accelerate\"",
					"-framework",
					"\"CoreFoundation\"",
					"-framework",
					"\"CoreGraphics\"",
					"-framework",
					"\"CoreImage\"",
					"-framework",
					"\"CoreText\"",
					"-framework",
					"\"Foundation\"",
					"-framework",
					"\"ImageIO\"",
					"-framework",
					"\"QuartzCore\"",
					"-framework",
					"\"UIKit\"",
					"-weak_framework",
					"\"UIKit\"",
					"-lz",
					"-framework",
					Reveal,
				);
				PRODUCT_BUNDLE_IDENTIFIER = "com.JF.tumblr-p";
				PRODUCT_NAME = "$(TARGET_NAME)";
				PROVISIONING_PROFILE = "";
			};
			name = Release;
		};
/* End XCBuildConfiguration section */

/* Begin XCConfigurationList section */
		C2AE03FB1C3E420800A3E627 /* Build configuration list for PBXProject "tumblr-p" */ = {
			isa = XCConfigurationList;
			buildConfigurations = (
				C2AE04151C3E420900A3E627 /* Debug */,
				C2AE04161C3E420900A3E627 /* Release */,
			);
			defaultConfigurationIsVisible = 0;
			defaultConfigurationName = Release;
		};
		C2AE04171C3E420900A3E627 /* Build configuration list for PBXNativeTarget "tumblr-p" */ = {
			isa = XCConfigurationList;
			buildConfigurations = (
				C2AE04181C3E420900A3E627 /* Debug */,
				C2AE04191C3E420900A3E627 /* Release */,
			);
			defaultConfigurationIsVisible = 0;
			defaultConfigurationName = Release;
		};
/* End XCConfigurationList section */
	};
	rootObject = C2AE03F81C3E420800A3E627 /* Project object */;
}
